
Microsoft Visual Studio Solution File, Format Version 12.00
# Visual Studio Version 16
VisualStudioVersion = 16.0.31313.79
MinimumVisualStudioVersion = 10.0.40219.1
Project("{9A19103F-16F7-4668-BE54-9A1E7A4F7556}") = "DomainNotifications", "src\DomainNotifications\DomainNotifications.csproj", "{933521DA-64E2-4E64-895B-66C7DF65BEB4}"
EndProject
Project("{FAE04EC0-301F-11D3-BF4B-00C04F79EFBC}") = "DomainNotifications.Examples.HowToUse", "samples\DomainNotifications.Examples.HowToUse\DomainNotifications.Examples.HowToUse.csproj", "{5077D946-C678-4B72-8DF9-7E5C69FB9F50}"
EndProject
Project("{2150E333-8FDC-42A3-9474-1A3956D46DE8}") = "tests", "tests", "{0AB3BF05-4346-4AA6-1389-037BE0695223}"
EndProject
Project("{FAE04EC0-301F-11D3-BF4B-00C04F79EFBC}") = "DomainNotifications.Tests", "tests\DomainNotifications.Tests\DomainNotifications.Tests.csproj", "{BA1B88F6-C380-4B42-A9A2-CD9D5ACFE172}"
EndProject
Project("{2150E333-8FDC-42A3-9474-1A3956D46DE8}") = "src", "src", "{827E0CD3-B72D-47B6-A68D-7590B98EB39B}"
EndProject
Global
	GlobalSection(SolutionConfigurationPlatforms) = preSolution
		Debug|Any CPU = Debug|Any CPU
		Debug|x64 = Debug|x64
		Debug|x86 = Debug|x86
		Release|Any CPU = Release|Any CPU
		Release|x64 = Release|x64
		Release|x86 = Release|x86
	EndGlobalSection
	GlobalSection(ProjectConfigurationPlatforms) = postSolution
		{933521DA-64E2-4E64-895B-66C7DF65BEB4}.Debug|Any CPU.ActiveCfg = Debug|Any CPU
		{933521DA-64E2-4E64-895B-66C7DF65BEB4}.Debug|Any CPU.Build.0 = Debug|Any CPU
		{933521DA-64E2-4E64-895B-66C7DF65BEB4}.Debug|x64.ActiveCfg = Debug|Any CPU
		{933521DA-64E2-4E64-895B-66C7DF65BEB4}.Debug|x64.Build.0 = Debug|Any CPU
		{933521DA-64E2-4E64-895B-66C7DF65BEB4}.Debug|x86.ActiveCfg = Debug|Any CPU
		{933521DA-64E2-4E64-895B-66C7DF65BEB4}.Debug|x86.Build.0 = Debug|Any CPU
		{933521DA-64E2-4E64-895B-66C7DF65BEB4}.Release|Any CPU.ActiveCfg = Release|Any CPU
		{933521DA-64E2-4E64-895B-66C7DF65BEB4}.Release|Any CPU.Build.0 = Release|Any CPU
		{933521DA-64E2-4E64-895B-66C7DF65BEB4}.Release|x64.ActiveCfg = Release|Any CPU
		{933521DA-64E2-4E64-895B-66C7DF65BEB4}.Release|x64.Build.0 = Release|Any CPU
		{933521DA-64E2-4E64-895B-66C7DF65BEB4}.Release|x86.ActiveCfg = Release|Any CPU
		{933521DA-64E2-4E64-895B-66C7DF65BEB4}.Release|x86.Build.0 = Release|Any CPU
		{5077D946-C678-4B72-8DF9-7E5C69FB9F50}.Debug|Any CPU.ActiveCfg = Debug|Any CPU
		{5077D946-C678-4B72-8DF9-7E5C69FB9F50}.Debug|Any CPU.Build.0 = Debug|Any CPU
		{5077D946-C678-4B72-8DF9-7E5C69FB9F50}.Debug|x64.ActiveCfg = Debug|Any CPU
		{5077D946-C678-4B72-8DF9-7E5C69FB9F50}.Debug|x64.Build.0 = Debug|Any CPU
		{5077D946-C678-4B72-8DF9-7E5C69FB9F50}.Debug|x86.ActiveCfg = Debug|Any CPU
		{5077D946-C678-4B72-8DF9-7E5C69FB9F50}.Debug|x86.Build.0 = Debug|Any CPU
		{5077D946-C678-4B72-8DF9-7E5C69FB9F50}.Release|Any CPU.ActiveCfg = Release|Any CPU
		{5077D946-C678-4B72-8DF9-7E5C69FB9F50}.Release|Any CPU.Build.0 = Release|Any CPU
		{5077D946-C678-4B72-8DF9-7E5C69FB9F50}.Release|x64.ActiveCfg = Release|Any CPU
		{5077D946-C678-4B72-8DF9-7E5C69FB9F50}.Release|x64.Build.0 = Release|Any CPU
		{5077D946-C678-4B72-8DF9-7E5C69FB9F50}.Release|x86.ActiveCfg = Release|Any CPU
		{5077D946-C678-4B72-8DF9-7E5C69FB9F50}.Release|x86.Build.0 = Release|Any CPU
		{BA1B88F6-C380-4B42-A9A2-CD9D5ACFE172}.Debug|Any CPU.ActiveCfg = Debug|Any CPU
		{BA1B88F6-C380-4B42-A9A2-CD9D5ACFE172}.Debug|Any CPU.Build.0 = Debug|Any CPU
		{BA1B88F6-C380-4B42-A9A2-CD9D5ACFE172}.Debug|x64.ActiveCfg = Debug|Any CPU
		{BA1B88F6-C380-4B42-A9A2-CD9D5ACFE172}.Debug|x64.Build.0 = Debug|Any CPU
		{BA1B88F6-C380-4B42-A9A2-CD9D5ACFE172}.Debug|x86.ActiveCfg = Debug|Any CPU
		{BA1B88F6-C380-4B42-A9A2-CD9D5ACFE172}.Debug|x86.Build.0 = Debug|Any CPU
		{BA1B88F6-C380-4B42-A9A2-CD9D5ACFE172}.Release|Any CPU.ActiveCfg = Release|Any CPU
		{BA1B88F6-C380-4B42-A9A2-CD9D5ACFE172}.Release|Any CPU.Build.0 = Release|Any CPU
		{BA1B88F6-C380-4B42-A9A2-CD9D5ACFE172}.Release|x64.ActiveCfg = Release|Any CPU
		{BA1B88F6-C380-4B42-A9A2-CD9D5ACFE172}.Release|x64.Build.0 = Release|Any CPU
		{BA1B88F6-C380-4B42-A9A2-CD9D5ACFE172}.Release|x86.ActiveCfg = Release|Any CPU
		{BA1B88F6-C380-4B42-A9A2-CD9D5ACFE172}.Release|x86.Build.0 = Release|Any CPU
	EndGlobalSection
	GlobalSection(SolutionProperties) = preSolution
		HideSolutionNode = FALSE
	EndGlobalSection
	GlobalSection(NestedProjects) = preSolution
		{BA1B88F6-C380-4B42-A9A2-CD9D5ACFE172} = {0AB3BF05-4346-4AA6-1389-037BE0695223}
	EndGlobalSection
	GlobalSection(ExtensibilityGlobals) = postSolution
		SolutionGuid = {E86135FB-7A2A-42E6-9559-1C25BDBF0D7B}
	EndGlobalSection
EndGlobal
